
Microsoft Visual Studio Solution File, Format Version 12.00
# Visual Studio Version 17
VisualStudioVersion = 17.4.33122.133
MinimumVisualStudioVersion = 10.0.40219.1
Project("{FAE04EC0-301F-11D3-BF4B-00C04F79EFBC}") = "gRpc.File.Service", "gRpc.File.Service.csproj", "{249C1C73-7F82-4B31-B115-481474F024C4}"
EndProject
Global
	GlobalSection(SolutionConfigurationPlatforms) = preSolution
		Debug|Any CPU = Debug|Any CPU
		Release|Any CPU = Release|Any CPU
	EndGlobalSection
	GlobalSection(ProjectConfigurationPlatforms) = postSolution
		{249C1C73-7F82-4B31-B115-481474F024C4}.Debug|Any CPU.ActiveCfg = Debug|Any CPU
		{249C1C73-7F82-4B31-B115-481474F024C4}.Debug|Any CPU.Build.0 = Debug|Any CPU
		{249C1C73-7F82-4B31-B115-481474F024C4}.Release|Any CPU.ActiveCfg = Release|Any CPU
		{249C1C73-7F82-4B31-B115-481474F024C4}.Release|Any CPU.Build.0 = Release|Any CPU
	EndGlobalSection
	GlobalSection(SolutionProperties) = preSolution
		HideSolutionNode = FALSE
	EndGlobalSection
	GlobalSection(ExtensibilityGlobals) = postSolution
		SolutionGuid = {2B6B45AF-F650-4FCB-8F02-50DDDC6A035A}
	EndGlobalSection
EndGlobal
